
Microsoft Visual Studio Solution File, Format Version 12.00
# Visual Studio Version 17
VisualStudioVersion = 17.4.33213.308
MinimumVisualStudioVersion = 10.0.40219.1
Project("{FAE04EC0-301F-11D3-BF4B-00C04F79EFBC}") = "poc-abstract-factory-cache", "poc-abstract-factory-cache.csproj", "{6786CC5D-2817-45FE-B1F4-31FED9AFFC7E}"
EndProject
Global
	GlobalSection(SolutionConfigurationPlatforms) = preSolution
		Debug|Any CPU = Debug|Any CPU
		Release|Any CPU = Release|Any CPU
	EndGlobalSection
	GlobalSection(ProjectConfigurationPlatforms) = postSolution
		{6786CC5D-2817-45FE-B1F4-31FED9AFFC7E}.Debug|Any CPU.ActiveCfg = Debug|Any CPU
		{6786CC5D-2817-45FE-B1F4-31FED9AFFC7E}.Debug|Any CPU.Build.0 = Debug|Any CPU
		{6786CC5D-2817-45FE-B1F4-31FED9AFFC7E}.Release|Any CPU.ActiveCfg = Release|Any CPU
		{6786CC5D-2817-45FE-B1F4-31FED9AFFC7E}.Release|Any CPU.Build.0 = Release|Any CPU
	EndGlobalSection
	GlobalSection(SolutionProperties) = preSolution
		HideSolutionNode = FALSE
	EndGlobalSection
	GlobalSection(ExtensibilityGlobals) = postSolution
		SolutionGuid = {E730F834-3024-4191-82E3-81C7C5A64218}
	EndGlobalSection
EndGlobal
